
Microsoft Visual Studio Solution File, Format Version 12.00
# Visual Studio Version 16
VisualStudioVersion = 16.0.33027.164
MinimumVisualStudioVersion = 10.0.40219.1
Project("{8BC9CEB8-8B4A-11D0-8D11-00A0C91BC942}") = "Runtime", "Runtime\Runtime.vcxproj", "{1F393DA6-D1A2-4734-9E11-08C16FCB4829}"
EndProject
Project("{8BC9CEB8-8B4A-11D0-8D11-00A0C91BC942}") = "Core", "Core\Core.vcxproj", "{B7211BBA-C797-4243-BE88-8DC14459D3B3}"
EndProject
Project("{8BC9CEB8-8B4A-11D0-8D11-00A0C91BC942}") = "AIEngine", "AIEngine\AIEngine.vcxproj", "{C2C7AE44-6305-402C-A56B-C68C2898E22C}"
EndProject
Project("{8BC9CEB8-8B4A-11D0-8D11-00A0C91BC942}") = "StatisticsEngine", "StatisticsEngine\StatisticsEngine.vcxproj", "{074B2722-97AB-4B9A-8B09-154C2537741D}"
EndProject
Project("{8BC9CEB8-8B4A-11D0-8D11-00A0C91BC942}") = "RenderEngine", "RenderEngine\RenderEngine.vcxproj", "{C8174C1B-E9F6-4177-8192-10989D9BB7FD}"
EndProject
Project("{8BC9CEB8-8B4A-11D0-8D11-00A0C91BC942}") = "ImageProcessingEngine", "ImageProcessingEngine\ImageProcessingEngine.vcxproj", "{5DA32133-3A98-4A9A-B9B7-651C5C6AA418}"
EndProject
Global
	GlobalSection(SolutionConfigurationPlatforms) = preSolution
		Debug|x64 = Debug|x64
		Debug|x86 = Debug|x86
		Release|x64 = Release|x64
		Release|x86 = Release|x86
	EndGlobalSection
	GlobalSection(ProjectConfigurationPlatforms) = postSolution
		{1F393DA6-D1A2-4734-9E11-08C16FCB4829}.Debug|x64.ActiveCfg = Debug|x64
		{1F393DA6-D1A2-4734-9E11-08C16FCB4829}.Debug|x64.Build.0 = Debug|x64
		{1F393DA6-D1A2-4734-9E11-08C16FCB4829}.Debug|x86.ActiveCfg = Debug|Win32
		{1F393DA6-D1A2-4734-9E11-08C16FCB4829}.Debug|x86.Build.0 = Debug|Win32
		{1F393DA6-D1A2-4734-9E11-08C16FCB4829}.Release|x64.ActiveCfg = Release|x64
		{1F393DA6-D1A2-4734-9E11-08C16FCB4829}.Release|x64.Build.0 = Release|x64
		{1F393DA6-D1A2-4734-9E11-08C16FCB4829}.Release|x86.ActiveCfg = Release|Win32
		{1F393DA6-D1A2-4734-9E11-08C16FCB4829}.Release|x86.Build.0 = Release|Win32
		{B7211BBA-C797-4243-BE88-8DC14459D3B3}.Debug|x64.ActiveCfg = Debug|x64
		{B7211BBA-C797-4243-BE88-8DC14459D3B3}.Debug|x64.Build.0 = Debug|x64
		{B7211BBA-C797-4243-BE88-8DC14459D3B3}.Debug|x86.ActiveCfg = Debug|Win32
		{B7211BBA-C797-4243-BE88-8DC14459D3B3}.Debug|x86.Build.0 = Debug|Win32
		{B7211BBA-C797-4243-BE88-8DC14459D3B3}.Release|x64.ActiveCfg = Release|x64
		{B7211BBA-C797-4243-BE88-8DC14459D3B3}.Release|x64.Build.0 = Release|x64
		{B7211BBA-C797-4243-BE88-8DC14459D3B3}.Release|x86.ActiveCfg = Release|Win32
		{B7211BBA-C797-4243-BE88-8DC14459D3B3}.Release|x86.Build.0 = Release|Win32
		{C2C7AE44-6305-402C-A56B-C68C2898E22C}.Debug|x64.ActiveCfg = Debug|x64
		{C2C7AE44-6305-402C-A56B-C68C2898E22C}.Debug|x64.Build.0 = Debug|x64
		{C2C7AE44-6305-402C-A56B-C68C2898E22C}.Debug|x86.ActiveCfg = Debug|Win32
		{C2C7AE44-6305-402C-A56B-C68C2898E22C}.Debug|x86.Build.0 = Debug|Win32
		{C2C7AE44-6305-402C-A56B-C68C2898E22C}.Release|x64.ActiveCfg = Release|x64
		{C2C7AE44-6305-402C-A56B-C68C2898E22C}.Release|x64.Build.0 = Release|x64
		{C2C7AE44-6305-402C-A56B-C68C2898E22C}.Release|x86.ActiveCfg = Release|Win32
		{C2C7AE44-6305-402C-A56B-C68C2898E22C}.Release|x86.Build.0 = Release|Win32
		{074B2722-97AB-4B9A-8B09-154C2537741D}.Debug|x64.ActiveCfg = Debug|x64
		{074B2722-97AB-4B9A-8B09-154C2537741D}.Debug|x64.Build.0 = Debug|x64
		{074B2722-97AB-4B9A-8B09-154C2537741D}.Debug|x86.ActiveCfg = Debug|Win32
		{074B2722-97AB-4B9A-8B09-154C2537741D}.Debug|x86.Build.0 = Debug|Win32
		{074B2722-97AB-4B9A-8B09-154C2537741D}.Release|x64.ActiveCfg = Release|x64
		{074B2722-97AB-4B9A-8B09-154C2537741D}.Release|x64.Build.0 = Release|x64
		{074B2722-97AB-4B9A-8B09-154C2537741D}.Release|x86.ActiveCfg = Release|Win32
		{074B2722-97AB-4B9A-8B09-154C2537741D}.Release|x86.Build.0 = Release|Win32
		{C8174C1B-E9F6-4177-8192-10989D9BB7FD}.Debug|x64.ActiveCfg = Debug|x64
		{C8174C1B-E9F6-4177-8192-10989D9BB7FD}.Debug|x64.Build.0 = Debug|x64
		{C8174C1B-E9F6-4177-8192-10989D9BB7FD}.Debug|x86.ActiveCfg = Debug|Win32
		{C8174C1B-E9F6-4177-8192-10989D9BB7FD}.Debug|x86.Build.0 = Debug|Win32
		{C8174C1B-E9F6-4177-8192-10989D9BB7FD}.Release|x64.ActiveCfg = Release|x64
		{C8174C1B-E9F6-4177-8192-10989D9BB7FD}.Release|x64.Build.0 = Release|x64
		{C8174C1B-E9F6-4177-8192-10989D9BB7FD}.Release|x86.ActiveCfg = Release|Win32
		{C8174C1B-E9F6-4177-8192-10989D9BB7FD}.Release|x86.Build.0 = Release|Win32
		{5DA32133-3A98-4A9A-B9B7-651C5C6AA418}.Debug|x64.ActiveCfg = Debug|x64
		{5DA32133-3A98-4A9A-B9B7-651C5C6AA418}.Debug|x64.Build.0 = Debug|x64
		{5DA32133-3A98-4A9A-B9B7-651C5C6AA418}.Debug|x86.ActiveCfg = Debug|Win32
		{5DA32133-3A98-4A9A-B9B7-651C5C6AA418}.Debug|x86.Build.0 = Debug|Win32
		{5DA32133-3A98-4A9A-B9B7-651C5C6AA418}.Release|x64.ActiveCfg = Release|x64
		{5DA32133-3A98-4A9A-B9B7-651C5C6AA418}.Release|x64.Build.0 = Release|x64
		{5DA32133-3A98-4A9A-B9B7-651C5C6AA418}.Release|x86.ActiveCfg = Release|Win32
		{5DA32133-3A98-4A9A-B9B7-651C5C6AA418}.Release|x86.Build.0 = Release|Win32
	EndGlobalSection
	GlobalSection(SolutionProperties) = preSolution
		HideSolutionNode = FALSE
	EndGlobalSection
	GlobalSection(ExtensibilityGlobals) = postSolution
		SolutionGuid = {A61764C2-4E6E-4E38-B886-53EF779AB25A}
	EndGlobalSection
EndGlobal
